
Microsoft Visual Studio Solution File, Format Version 12.00
# Visual Studio Version 16
VisualStudioVersion = 16.0.30804.86
MinimumVisualStudioVersion = 10.0.40219.1
Project("{9A19103F-16F7-4668-BE54-9A1E7A4F7556}") = "Single  Inheritance", "Single  Inheritance.csproj", "{2DC386F9-7DF0-4006-94E0-B777F3D7C4F5}"
EndProject
Project("{9A19103F-16F7-4668-BE54-9A1E7A4F7556}") = "Multiple Inheritance", "..\Multiple Inheritance\Multiple Inheritance.csproj", "{5AE9BEA2-16A3-4DCF-9C8E-AB1B94D46D01}"
EndProject
Project("{9A19103F-16F7-4668-BE54-9A1E7A4F7556}") = "Hierarchical Inheritance", "..\Hierarchical Inheritance\Hierarchical Inheritance.csproj", "{73D3AC4A-EF72-4345-A305-CE3B71C3FCE4}"
EndProject
Project("{9A19103F-16F7-4668-BE54-9A1E7A4F7556}") = "Random List", "..\Random List\Random List.csproj", "{5E2B1C81-1605-4B3B-B99F-E03F33658CEE}"
EndProject
Project("{FAE04EC0-301F-11D3-BF4B-00C04F79EFBC}") = "Stack of Strings", "..\Stack of Strings\Stack of Strings.csproj", "{A1CCBE5B-C1E7-4026-8FAA-70B7C1257CE1}"
EndProject
Global
	GlobalSection(SolutionConfigurationPlatforms) = preSolution
		Debug|Any CPU = Debug|Any CPU
		Release|Any CPU = Release|Any CPU
	EndGlobalSection
	GlobalSection(ProjectConfigurationPlatforms) = postSolution
		{2DC386F9-7DF0-4006-94E0-B777F3D7C4F5}.Debug|Any CPU.ActiveCfg = Debug|Any CPU
		{2DC386F9-7DF0-4006-94E0-B777F3D7C4F5}.Debug|Any CPU.Build.0 = Debug|Any CPU
		{2DC386F9-7DF0-4006-94E0-B777F3D7C4F5}.Release|Any CPU.ActiveCfg = Release|Any CPU
		{2DC386F9-7DF0-4006-94E0-B777F3D7C4F5}.Release|Any CPU.Build.0 = Release|Any CPU
		{5AE9BEA2-16A3-4DCF-9C8E-AB1B94D46D01}.Debug|Any CPU.ActiveCfg = Debug|Any CPU
		{5AE9BEA2-16A3-4DCF-9C8E-AB1B94D46D01}.Debug|Any CPU.Build.0 = Debug|Any CPU
		{5AE9BEA2-16A3-4DCF-9C8E-AB1B94D46D01}.Release|Any CPU.ActiveCfg = Release|Any CPU
		{5AE9BEA2-16A3-4DCF-9C8E-AB1B94D46D01}.Release|Any CPU.Build.0 = Release|Any CPU
		{73D3AC4A-EF72-4345-A305-CE3B71C3FCE4}.Debug|Any CPU.ActiveCfg = Debug|Any CPU
		{73D3AC4A-EF72-4345-A305-CE3B71C3FCE4}.Debug|Any CPU.Build.0 = Debug|Any CPU
		{73D3AC4A-EF72-4345-A305-CE3B71C3FCE4}.Release|Any CPU.ActiveCfg = Release|Any CPU
		{73D3AC4A-EF72-4345-A305-CE3B71C3FCE4}.Release|Any CPU.Build.0 = Release|Any CPU
		{5E2B1C81-1605-4B3B-B99F-E03F33658CEE}.Debug|Any CPU.ActiveCfg = Debug|Any CPU
		{5E2B1C81-1605-4B3B-B99F-E03F33658CEE}.Debug|Any CPU.Build.0 = Debug|Any CPU
		{5E2B1C81-1605-4B3B-B99F-E03F33658CEE}.Release|Any CPU.ActiveCfg = Release|Any CPU
		{5E2B1C81-1605-4B3B-B99F-E03F33658CEE}.Release|Any CPU.Build.0 = Release|Any CPU
		{A1CCBE5B-C1E7-4026-8FAA-70B7C1257CE1}.Debug|Any CPU.ActiveCfg = Debug|Any CPU
		{A1CCBE5B-C1E7-4026-8FAA-70B7C1257CE1}.Debug|Any CPU.Build.0 = Debug|Any CPU
		{A1CCBE5B-C1E7-4026-8FAA-70B7C1257CE1}.Release|Any CPU.ActiveCfg = Release|Any CPU
		{A1CCBE5B-C1E7-4026-8FAA-70B7C1257CE1}.Release|Any CPU.Build.0 = Release|Any CPU
	EndGlobalSection
	GlobalSection(SolutionProperties) = preSolution
		HideSolutionNode = FALSE
	EndGlobalSection
	GlobalSection(ExtensibilityGlobals) = postSolution
		SolutionGuid = {327BB8F2-DF7D-40C0-BE9D-FA0C7237FC42}
	EndGlobalSection
EndGlobal
