
Microsoft Visual Studio Solution File, Format Version 12.00
# Visual Studio Version 16
VisualStudioVersion = 16.0.30804.86
MinimumVisualStudioVersion = 10.0.40219.1
Project("{9A19103F-16F7-4668-BE54-9A1E7A4F7556}") = "PersonInfo", "PersonInfo.csproj", "{020B515E-3F29-4183-91AD-1E4531F2F53F}"
EndProject
Project("{9A19103F-16F7-4668-BE54-9A1E7A4F7556}") = "MultipleImplementation", "..\MultipleImplementation\MultipleImplementation.csproj", "{14195E95-86FC-4024-9493-2D88FA365A91}"
EndProject
Project("{9A19103F-16F7-4668-BE54-9A1E7A4F7556}") = "BorderControl", "..\BorderControl\BorderControl.csproj", "{11BFF732-FD42-4476-B3E6-F83E9B4C2F20}"
EndProject
Project("{FAE04EC0-301F-11D3-BF4B-00C04F79EFBC}") = "BirthdayCelebrations", "..\Birthday Celebrations\BirthdayCelebrations.csproj", "{D8FEB432-A8C9-4609-B9F4-CFA2D949201A}"
EndProject
Project("{FAE04EC0-301F-11D3-BF4B-00C04F79EFBC}") = "FoodShortage", "..\FoodShortage\FoodShortage.csproj", "{99281127-3AC1-477D-A342-2C189EED867E}"
EndProject
Global
	GlobalSection(SolutionConfigurationPlatforms) = preSolution
		Debug|Any CPU = Debug|Any CPU
		Release|Any CPU = Release|Any CPU
	EndGlobalSection
	GlobalSection(ProjectConfigurationPlatforms) = postSolution
		{020B515E-3F29-4183-91AD-1E4531F2F53F}.Debug|Any CPU.ActiveCfg = Debug|Any CPU
		{020B515E-3F29-4183-91AD-1E4531F2F53F}.Debug|Any CPU.Build.0 = Debug|Any CPU
		{020B515E-3F29-4183-91AD-1E4531F2F53F}.Release|Any CPU.ActiveCfg = Release|Any CPU
		{020B515E-3F29-4183-91AD-1E4531F2F53F}.Release|Any CPU.Build.0 = Release|Any CPU
		{14195E95-86FC-4024-9493-2D88FA365A91}.Debug|Any CPU.ActiveCfg = Debug|Any CPU
		{14195E95-86FC-4024-9493-2D88FA365A91}.Debug|Any CPU.Build.0 = Debug|Any CPU
		{14195E95-86FC-4024-9493-2D88FA365A91}.Release|Any CPU.ActiveCfg = Release|Any CPU
		{14195E95-86FC-4024-9493-2D88FA365A91}.Release|Any CPU.Build.0 = Release|Any CPU
		{11BFF732-FD42-4476-B3E6-F83E9B4C2F20}.Debug|Any CPU.ActiveCfg = Debug|Any CPU
		{11BFF732-FD42-4476-B3E6-F83E9B4C2F20}.Debug|Any CPU.Build.0 = Debug|Any CPU
		{11BFF732-FD42-4476-B3E6-F83E9B4C2F20}.Release|Any CPU.ActiveCfg = Release|Any CPU
		{11BFF732-FD42-4476-B3E6-F83E9B4C2F20}.Release|Any CPU.Build.0 = Release|Any CPU
		{D8FEB432-A8C9-4609-B9F4-CFA2D949201A}.Debug|Any CPU.ActiveCfg = Debug|Any CPU
		{D8FEB432-A8C9-4609-B9F4-CFA2D949201A}.Debug|Any CPU.Build.0 = Debug|Any CPU
		{D8FEB432-A8C9-4609-B9F4-CFA2D949201A}.Release|Any CPU.ActiveCfg = Release|Any CPU
		{D8FEB432-A8C9-4609-B9F4-CFA2D949201A}.Release|Any CPU.Build.0 = Release|Any CPU
		{99281127-3AC1-477D-A342-2C189EED867E}.Debug|Any CPU.ActiveCfg = Debug|Any CPU
		{99281127-3AC1-477D-A342-2C189EED867E}.Debug|Any CPU.Build.0 = Debug|Any CPU
		{99281127-3AC1-477D-A342-2C189EED867E}.Release|Any CPU.ActiveCfg = Release|Any CPU
		{99281127-3AC1-477D-A342-2C189EED867E}.Release|Any CPU.Build.0 = Release|Any CPU
	EndGlobalSection
	GlobalSection(SolutionProperties) = preSolution
		HideSolutionNode = FALSE
	EndGlobalSection
	GlobalSection(ExtensibilityGlobals) = postSolution
		SolutionGuid = {8F336953-0A27-4621-921E-0CF3A45BA5BA}
	EndGlobalSection
EndGlobal
